
Microsoft Visual Studio Solution File, Format Version 12.00
# Visual Studio Version 17
VisualStudioVersion = 17.7.34202.233
MinimumVisualStudioVersion = 10.0.40219.1
Project("{FAE04EC0-301F-11D3-BF4B-00C04F79EFBC}") = "Client", "Client.csproj", "{F3B5390B-3C01-4F38-BCB8-FCB1B1514D63}"
EndProject
Project("{FAE04EC0-301F-11D3-BF4B-00C04F79EFBC}") = "Server", "..\Server\Server.csproj", "{E15E2ACB-7D60-4D3F-9D23-A719ED24F72E}"
EndProject
Global
	GlobalSection(SolutionConfigurationPlatforms) = preSolution
		Debug|Any CPU = Debug|Any CPU
		Release|Any CPU = Release|Any CPU
	EndGlobalSection
	GlobalSection(ProjectConfigurationPlatforms) = postSolution
		{F3B5390B-3C01-4F38-BCB8-FCB1B1514D63}.Debug|Any CPU.ActiveCfg = Debug|Any CPU
		{F3B5390B-3C01-4F38-BCB8-FCB1B1514D63}.Debug|Any CPU.Build.0 = Debug|Any CPU
		{F3B5390B-3C01-4F38-BCB8-FCB1B1514D63}.Release|Any CPU.ActiveCfg = Release|Any CPU
		{F3B5390B-3C01-4F38-BCB8-FCB1B1514D63}.Release|Any CPU.Build.0 = Release|Any CPU
		{E15E2ACB-7D60-4D3F-9D23-A719ED24F72E}.Debug|Any CPU.ActiveCfg = Debug|Any CPU
		{E15E2ACB-7D60-4D3F-9D23-A719ED24F72E}.Debug|Any CPU.Build.0 = Debug|Any CPU
		{E15E2ACB-7D60-4D3F-9D23-A719ED24F72E}.Release|Any CPU.ActiveCfg = Release|Any CPU
		{E15E2ACB-7D60-4D3F-9D23-A719ED24F72E}.Release|Any CPU.Build.0 = Release|Any CPU
	EndGlobalSection
	GlobalSection(SolutionProperties) = preSolution
		HideSolutionNode = FALSE
	EndGlobalSection
	GlobalSection(ExtensibilityGlobals) = postSolution
		SolutionGuid = {8FC26F83-CC7C-4927-9F98-EFE9B3893708}
	EndGlobalSection
EndGlobal
