
Microsoft Visual Studio Solution File, Format Version 12.00
# Visual Studio Version 17
VisualStudioVersion = 17.7.34202.233
MinimumVisualStudioVersion = 10.0.40219.1
Project("{FAE04EC0-301F-11D3-BF4B-00C04F79EFBC}") = "Server", "Server.csproj", "{D71E800E-9B6F-43CD-AED4-26C0E11C55DA}"
EndProject
Global
	GlobalSection(SolutionConfigurationPlatforms) = preSolution
		Debug|Any CPU = Debug|Any CPU
		Release|Any CPU = Release|Any CPU
	EndGlobalSection
	GlobalSection(ProjectConfigurationPlatforms) = postSolution
		{D71E800E-9B6F-43CD-AED4-26C0E11C55DA}.Debug|Any CPU.ActiveCfg = Debug|Any CPU
		{D71E800E-9B6F-43CD-AED4-26C0E11C55DA}.Debug|Any CPU.Build.0 = Debug|Any CPU
		{D71E800E-9B6F-43CD-AED4-26C0E11C55DA}.Release|Any CPU.ActiveCfg = Release|Any CPU
		{D71E800E-9B6F-43CD-AED4-26C0E11C55DA}.Release|Any CPU.Build.0 = Release|Any CPU
	EndGlobalSection
	GlobalSection(SolutionProperties) = preSolution
		HideSolutionNode = FALSE
	EndGlobalSection
	GlobalSection(ExtensibilityGlobals) = postSolution
		SolutionGuid = {1A2CED29-3732-49E0-BEDF-62898B845DD4}
	EndGlobalSection
EndGlobal
